
Microsoft Visual Studio Solution File, Format Version 12.00
# Visual Studio 15
VisualStudioVersion = 15.0.27428.2005
MinimumVisualStudioVersion = 10.0.40219.1
Project("{FAE04EC0-301F-11D3-BF4B-00C04F79EFBC}") = "QLyCaoOc", "QLyCaoOc\QLyCaoOc.csproj", "{0D5FFCA3-6BD6-4380-8BFC-65EF9CF05BA0}"
EndProject
Global
	GlobalSection(SolutionConfigurationPlatforms) = preSolution
		Debug|Any CPU = Debug|Any CPU
		Release|Any CPU = Release|Any CPU
	EndGlobalSection
	GlobalSection(ProjectConfigurationPlatforms) = postSolution
		{0D5FFCA3-6BD6-4380-8BFC-65EF9CF05BA0}.Debug|Any CPU.ActiveCfg = Debug|Any CPU
		{0D5FFCA3-6BD6-4380-8BFC-65EF9CF05BA0}.Debug|Any CPU.Build.0 = Debug|Any CPU
		{0D5FFCA3-6BD6-4380-8BFC-65EF9CF05BA0}.Release|Any CPU.ActiveCfg = Release|Any CPU
		{0D5FFCA3-6BD6-4380-8BFC-65EF9CF05BA0}.Release|Any CPU.Build.0 = Release|Any CPU
	EndGlobalSection
	GlobalSection(SolutionProperties) = preSolution
		HideSolutionNode = FALSE
	EndGlobalSection
	GlobalSection(ExtensibilityGlobals) = postSolution
		SolutionGuid = {622BC42B-20CC-4647-91F7-165251E07E96}
	EndGlobalSection
EndGlobal
